
Microsoft Visual Studio Solution File, Format Version 12.00
# Visual Studio Version 17
VisualStudioVersion = 17.1.32228.430
MinimumVisualStudioVersion = 10.0.40219.1
Project("{E53339B2-1760-4266-BCC7-CA923CBCF16C}") = "docker-compose", "docker-compose.dcproj", "{D7F66B1F-D5DB-4437-A337-C4B09E4B2134}"
EndProject
Project("{2150E333-8FDC-42A3-9474-1A3956D46DE8}") = "Shared", "Shared", "{A37068D5-AC03-4642-B81F-125DEEE221C3}"
EndProject
Project("{9A19103F-16F7-4668-BE54-9A1E7A4F7556}") = "Services.Shared.Authentication", "Shared\Services.Shared.Authentication\Services.Shared.Authentication.csproj", "{CF865310-7757-428E-8BE6-F926322C74E1}"
EndProject
Project("{2150E333-8FDC-42A3-9474-1A3956D46DE8}") = "Tests", "Tests", "{BA47DC8E-4D39-4DE9-AF8D-BA0B60D2895D}"
EndProject
Project("{9A19103F-16F7-4668-BE54-9A1E7A4F7556}") = "Services.Shared.Authentication.Client", "Shared\Services.Shared.Authentication.Client\Services.Shared.Authentication.Client.csproj", "{02EE7394-B1FA-4026-B315-A7F51EE273BF}"
EndProject
Project("{9A19103F-16F7-4668-BE54-9A1E7A4F7556}") = "Services.Shared.Client", "Shared\Services.Shared.Client\Services.Shared.Client.csproj", "{819A1748-D4AA-4169-AE7E-DC86210E3762}"
EndProject
Project("{2150E333-8FDC-42A3-9474-1A3956D46DE8}") = "CustomerService", "CustomerService", "{BF11821F-BF38-4C3E-9069-A1D7ED7E2B2F}"
EndProject
Project("{9A19103F-16F7-4668-BE54-9A1E7A4F7556}") = "Services.Customer.Api", "CustomerService\Services.Customer.Api\Services.Customer.Api.csproj", "{2C6A99C7-E889-448D-A2B2-9EAC11DB3545}"
EndProject
Project("{9A19103F-16F7-4668-BE54-9A1E7A4F7556}") = "Services.Customer.Client", "CustomerService\Services.Customer.Client\Services.Customer.Client.csproj", "{FC61E650-2CBD-4268-9882-2FB576003FD2}"
EndProject
Project("{9A19103F-16F7-4668-BE54-9A1E7A4F7556}") = "Services.Customer.Data", "CustomerService\Services.Customer.Data\Services.Customer.Data.csproj", "{BE884D28-B931-4D23-86A0-58B3FAA47C98}"
EndProject
Project("{9A19103F-16F7-4668-BE54-9A1E7A4F7556}") = "Services.Customer.Model", "CustomerService\Services.Customer.Model\Services.Customer.Model.csproj", "{114DC2BA-EED7-4C1A-B092-A9A934AECA03}"
EndProject
Project("{9A19103F-16F7-4668-BE54-9A1E7A4F7556}") = "Services.Customer.Repositories", "CustomerService\Services.Customer.Repositories\Services.Customer.Repositories.csproj", "{53686C5B-F3C7-4025-B1F7-A5B96F7CDC2C}"
EndProject
Project("{2150E333-8FDC-42A3-9474-1A3956D46DE8}") = "ReportService", "ReportService", "{CBD8003C-0FD5-45DA-BE45-0A958F2FCE3F}"
EndProject
Project("{9A19103F-16F7-4668-BE54-9A1E7A4F7556}") = "Services.Report.Api", "ReportService\Services.Report.Api\Services.Report.Api.csproj", "{D660C5B6-3CA1-49D3-A112-E6DB29F19575}"
EndProject
Project("{9A19103F-16F7-4668-BE54-9A1E7A4F7556}") = "Services.Report.EventBus", "ReportService\Services.Report.EventBus\Services.Report.EventBus.csproj", "{D23253AF-9109-44D9-9E0E-7112397E9D4F}"
EndProject
Project("{9A19103F-16F7-4668-BE54-9A1E7A4F7556}") = "Services.Shared.EventBus", "Shared\Services.Shared.EventBus\Services.Shared.EventBus.csproj", "{1044B04F-3DAD-4F5B-AFB6-9F58D1B5DBB6}"
EndProject
Project("{9A19103F-16F7-4668-BE54-9A1E7A4F7556}") = "Services.Shared.Models", "Shared\Services.Shared.Models\Services.Shared.Models.csproj", "{0FF68457-4123-42A9-ADE8-3B251CB4BCFB}"
EndProject
Project("{9A19103F-16F7-4668-BE54-9A1E7A4F7556}") = "Services.Report.Data", "ReportService\Services.Report.Data\Services.Report.Data.csproj", "{2982393E-82D8-4222-A9C7-4AB0EA554FD4}"
EndProject
Project("{9A19103F-16F7-4668-BE54-9A1E7A4F7556}") = "Services.Report.Model", "ReportService\Services.Report.Model\Services.Report.Model.csproj", "{F24A8C7A-60F2-4807-A1C9-49B7F423113D}"
EndProject
Project("{9A19103F-16F7-4668-BE54-9A1E7A4F7556}") = "Services.Report.Repositories", "ReportService\Services.Report.Repositories\Services.Report.Repositories.csproj", "{4B6E5E5C-6452-47DA-807D-8EE097C32059}"
EndProject
Project("{9A19103F-16F7-4668-BE54-9A1E7A4F7556}") = "Services.Shared.Data", "Shared\Services.Shared.Data\Services.Shared.Data.csproj", "{AB61183B-8407-43ED-B54F-85768DF290BF}"
EndProject
Project("{9A19103F-16F7-4668-BE54-9A1E7A4F7556}") = "Services.Shared.Authentication.Helper", "Shared\Services.Shared.Authentication.Helper\Services.Shared.Authentication.Helper.csproj", "{CFB239C4-36D6-4623-959F-B40D7DFCF7CC}"
EndProject
Project("{9A19103F-16F7-4668-BE54-9A1E7A4F7556}") = "Services.Report.Services", "ReportService\Services.Report.Services\Services.Report.Services.csproj", "{8064FFC6-C66F-4E82-8858-8530431782E9}"
EndProject
Project("{9A19103F-16F7-4668-BE54-9A1E7A4F7556}") = "CustomerService.Tests", "Tests\ContactService.Tests\CustomerService.Tests.csproj", "{70728907-F0B6-4CBE-8E58-4ABB67B77177}"
EndProject
Project("{2150E333-8FDC-42A3-9474-1A3956D46DE8}") = "ProductService", "ProductService", "{103EBED9-818C-4A01-8C22-A1DF403B81AC}"
EndProject
Project("{9A19103F-16F7-4668-BE54-9A1E7A4F7556}") = "Services.Product.Model", "ProductService\Services.Product.Model\Services.Product.Model.csproj", "{A2B1D950-C71F-4BF8-96E1-E31EADAC83B9}"
EndProject
Project("{9A19103F-16F7-4668-BE54-9A1E7A4F7556}") = "Services.Product.Data", "ProductService\Services.Product.Data\Services.Product.Data.csproj", "{F140BD9C-23CA-4890-806E-21002200966A}"
EndProject
Project("{9A19103F-16F7-4668-BE54-9A1E7A4F7556}") = "Services.Product.Repositories", "ProductService\Services.Product.Repositories\Services.Product.Repositories.csproj", "{89BE7595-8ECD-4CA6-A87D-852221C68CDD}"
EndProject
Project("{9A19103F-16F7-4668-BE54-9A1E7A4F7556}") = "Services.Product.EventBus", "ProductService\Services.Product.EventBus\Services.Product.EventBus.csproj", "{8BE28758-35C4-451C-86B1-14FD4A0ED0CA}"
EndProject
Project("{9A19103F-16F7-4668-BE54-9A1E7A4F7556}") = "Services.Product.Client", "ProductService\Services.Product.Client\Services.Product.Client.csproj", "{C87F768F-00CF-4B64-90B5-07B243C918E9}"
EndProject
Project("{9A19103F-16F7-4668-BE54-9A1E7A4F7556}") = "Services.Product.Api", "ProductService\Services.Product.Api\Services.Product.Api.csproj", "{C54DCAF8-A7D8-46F6-9485-34A81C2D9EE9}"
EndProject
Project("{2150E333-8FDC-42A3-9474-1A3956D46DE8}") = "OrderService", "OrderService", "{4B3C059D-A344-465E-BAC5-D9CE8AB2D2EF}"
EndProject
Project("{9A19103F-16F7-4668-BE54-9A1E7A4F7556}") = "Services.Order.Model", "OrderService\Services.Order.Model\Services.Order.Model.csproj", "{3AEF2FD2-C88B-4256-A6C5-CBFA4E8464C9}"
EndProject
Project("{9A19103F-16F7-4668-BE54-9A1E7A4F7556}") = "Services.Order.Data", "OrderService\Services.Order.Data\Services.Order.Data.csproj", "{23C12449-B7C1-4CC3-9B58-711C88FEC838}"
EndProject
Project("{9A19103F-16F7-4668-BE54-9A1E7A4F7556}") = "Services.Order.Repositories", "OrderService\Services.Order.Repositories\Services.Order.Repositories.csproj", "{F020DCF6-D464-4DA2-A76D-1C5DCA5E5BC0}"
EndProject
Project("{9A19103F-16F7-4668-BE54-9A1E7A4F7556}") = "Services.Order.Client", "OrderService\Services.Order.Client\Services.Order.Client.csproj", "{D332874C-511F-43C1-8275-F08307C1A4A3}"
EndProject
Project("{9A19103F-16F7-4668-BE54-9A1E7A4F7556}") = "Services.Order.Api", "OrderService\Services.Order.Api\Services.Order.Api.csproj", "{081C204E-6C59-4555-B828-D31576CC0AB6}"
EndProject
Project("{9A19103F-16F7-4668-BE54-9A1E7A4F7556}") = "Services.Order.EventBus", "OrderService\Services.Order.EventBus\Services.Order.EventBus.csproj", "{49FCBA58-EADF-4B1B-B5CD-6BC869CD6703}"
EndProject
Global
	GlobalSection(SolutionConfigurationPlatforms) = preSolution
		Debug|Any CPU = Debug|Any CPU
		Release|Any CPU = Release|Any CPU
	EndGlobalSection
	GlobalSection(ProjectConfigurationPlatforms) = postSolution
		{D7F66B1F-D5DB-4437-A337-C4B09E4B2134}.Debug|Any CPU.ActiveCfg = Debug|Any CPU
		{D7F66B1F-D5DB-4437-A337-C4B09E4B2134}.Debug|Any CPU.Build.0 = Debug|Any CPU
		{D7F66B1F-D5DB-4437-A337-C4B09E4B2134}.Release|Any CPU.ActiveCfg = Release|Any CPU
		{D7F66B1F-D5DB-4437-A337-C4B09E4B2134}.Release|Any CPU.Build.0 = Release|Any CPU
		{CF865310-7757-428E-8BE6-F926322C74E1}.Debug|Any CPU.ActiveCfg = Debug|Any CPU
		{CF865310-7757-428E-8BE6-F926322C74E1}.Debug|Any CPU.Build.0 = Debug|Any CPU
		{CF865310-7757-428E-8BE6-F926322C74E1}.Release|Any CPU.ActiveCfg = Release|Any CPU
		{CF865310-7757-428E-8BE6-F926322C74E1}.Release|Any CPU.Build.0 = Release|Any CPU
		{02EE7394-B1FA-4026-B315-A7F51EE273BF}.Debug|Any CPU.ActiveCfg = Debug|Any CPU
		{02EE7394-B1FA-4026-B315-A7F51EE273BF}.Debug|Any CPU.Build.0 = Debug|Any CPU
		{02EE7394-B1FA-4026-B315-A7F51EE273BF}.Release|Any CPU.ActiveCfg = Release|Any CPU
		{02EE7394-B1FA-4026-B315-A7F51EE273BF}.Release|Any CPU.Build.0 = Release|Any CPU
		{819A1748-D4AA-4169-AE7E-DC86210E3762}.Debug|Any CPU.ActiveCfg = Debug|Any CPU
		{819A1748-D4AA-4169-AE7E-DC86210E3762}.Debug|Any CPU.Build.0 = Debug|Any CPU
		{819A1748-D4AA-4169-AE7E-DC86210E3762}.Release|Any CPU.ActiveCfg = Release|Any CPU
		{819A1748-D4AA-4169-AE7E-DC86210E3762}.Release|Any CPU.Build.0 = Release|Any CPU
		{2C6A99C7-E889-448D-A2B2-9EAC11DB3545}.Debug|Any CPU.ActiveCfg = Debug|Any CPU
		{2C6A99C7-E889-448D-A2B2-9EAC11DB3545}.Debug|Any CPU.Build.0 = Debug|Any CPU
		{2C6A99C7-E889-448D-A2B2-9EAC11DB3545}.Release|Any CPU.ActiveCfg = Release|Any CPU
		{2C6A99C7-E889-448D-A2B2-9EAC11DB3545}.Release|Any CPU.Build.0 = Release|Any CPU
		{FC61E650-2CBD-4268-9882-2FB576003FD2}.Debug|Any CPU.ActiveCfg = Debug|Any CPU
		{FC61E650-2CBD-4268-9882-2FB576003FD2}.Debug|Any CPU.Build.0 = Debug|Any CPU
		{FC61E650-2CBD-4268-9882-2FB576003FD2}.Release|Any CPU.ActiveCfg = Release|Any CPU
		{FC61E650-2CBD-4268-9882-2FB576003FD2}.Release|Any CPU.Build.0 = Release|Any CPU
		{BE884D28-B931-4D23-86A0-58B3FAA47C98}.Debug|Any CPU.ActiveCfg = Debug|Any CPU
		{BE884D28-B931-4D23-86A0-58B3FAA47C98}.Debug|Any CPU.Build.0 = Debug|Any CPU
		{BE884D28-B931-4D23-86A0-58B3FAA47C98}.Release|Any CPU.ActiveCfg = Release|Any CPU
		{BE884D28-B931-4D23-86A0-58B3FAA47C98}.Release|Any CPU.Build.0 = Release|Any CPU
		{114DC2BA-EED7-4C1A-B092-A9A934AECA03}.Debug|Any CPU.ActiveCfg = Debug|Any CPU
		{114DC2BA-EED7-4C1A-B092-A9A934AECA03}.Debug|Any CPU.Build.0 = Debug|Any CPU
		{114DC2BA-EED7-4C1A-B092-A9A934AECA03}.Release|Any CPU.ActiveCfg = Release|Any CPU
		{114DC2BA-EED7-4C1A-B092-A9A934AECA03}.Release|Any CPU.Build.0 = Release|Any CPU
		{53686C5B-F3C7-4025-B1F7-A5B96F7CDC2C}.Debug|Any CPU.ActiveCfg = Debug|Any CPU
		{53686C5B-F3C7-4025-B1F7-A5B96F7CDC2C}.Debug|Any CPU.Build.0 = Debug|Any CPU
		{53686C5B-F3C7-4025-B1F7-A5B96F7CDC2C}.Release|Any CPU.ActiveCfg = Release|Any CPU
		{53686C5B-F3C7-4025-B1F7-A5B96F7CDC2C}.Release|Any CPU.Build.0 = Release|Any CPU
		{D660C5B6-3CA1-49D3-A112-E6DB29F19575}.Debug|Any CPU.ActiveCfg = Debug|Any CPU
		{D660C5B6-3CA1-49D3-A112-E6DB29F19575}.Debug|Any CPU.Build.0 = Debug|Any CPU
		{D660C5B6-3CA1-49D3-A112-E6DB29F19575}.Release|Any CPU.ActiveCfg = Release|Any CPU
		{D660C5B6-3CA1-49D3-A112-E6DB29F19575}.Release|Any CPU.Build.0 = Release|Any CPU
		{D23253AF-9109-44D9-9E0E-7112397E9D4F}.Debug|Any CPU.ActiveCfg = Debug|Any CPU
		{D23253AF-9109-44D9-9E0E-7112397E9D4F}.Debug|Any CPU.Build.0 = Debug|Any CPU
		{D23253AF-9109-44D9-9E0E-7112397E9D4F}.Release|Any CPU.ActiveCfg = Release|Any CPU
		{D23253AF-9109-44D9-9E0E-7112397E9D4F}.Release|Any CPU.Build.0 = Release|Any CPU
		{1044B04F-3DAD-4F5B-AFB6-9F58D1B5DBB6}.Debug|Any CPU.ActiveCfg = Debug|Any CPU
		{1044B04F-3DAD-4F5B-AFB6-9F58D1B5DBB6}.Debug|Any CPU.Build.0 = Debug|Any CPU
		{1044B04F-3DAD-4F5B-AFB6-9F58D1B5DBB6}.Release|Any CPU.ActiveCfg = Release|Any CPU
		{1044B04F-3DAD-4F5B-AFB6-9F58D1B5DBB6}.Release|Any CPU.Build.0 = Release|Any CPU
		{0FF68457-4123-42A9-ADE8-3B251CB4BCFB}.Debug|Any CPU.ActiveCfg = Debug|Any CPU
		{0FF68457-4123-42A9-ADE8-3B251CB4BCFB}.Debug|Any CPU.Build.0 = Debug|Any CPU
		{0FF68457-4123-42A9-ADE8-3B251CB4BCFB}.Release|Any CPU.ActiveCfg = Release|Any CPU
		{0FF68457-4123-42A9-ADE8-3B251CB4BCFB}.Release|Any CPU.Build.0 = Release|Any CPU
		{2982393E-82D8-4222-A9C7-4AB0EA554FD4}.Debug|Any CPU.ActiveCfg = Debug|Any CPU
		{2982393E-82D8-4222-A9C7-4AB0EA554FD4}.Debug|Any CPU.Build.0 = Debug|Any CPU
		{2982393E-82D8-4222-A9C7-4AB0EA554FD4}.Release|Any CPU.ActiveCfg = Release|Any CPU
		{2982393E-82D8-4222-A9C7-4AB0EA554FD4}.Release|Any CPU.Build.0 = Release|Any CPU
		{F24A8C7A-60F2-4807-A1C9-49B7F423113D}.Debug|Any CPU.ActiveCfg = Debug|Any CPU
		{F24A8C7A-60F2-4807-A1C9-49B7F423113D}.Debug|Any CPU.Build.0 = Debug|Any CPU
		{F24A8C7A-60F2-4807-A1C9-49B7F423113D}.Release|Any CPU.ActiveCfg = Release|Any CPU
		{F24A8C7A-60F2-4807-A1C9-49B7F423113D}.Release|Any CPU.Build.0 = Release|Any CPU
		{4B6E5E5C-6452-47DA-807D-8EE097C32059}.Debug|Any CPU.ActiveCfg = Debug|Any CPU
		{4B6E5E5C-6452-47DA-807D-8EE097C32059}.Debug|Any CPU.Build.0 = Debug|Any CPU
		{4B6E5E5C-6452-47DA-807D-8EE097C32059}.Release|Any CPU.ActiveCfg = Release|Any CPU
		{4B6E5E5C-6452-47DA-807D-8EE097C32059}.Release|Any CPU.Build.0 = Release|Any CPU
		{AB61183B-8407-43ED-B54F-85768DF290BF}.Debug|Any CPU.ActiveCfg = Debug|Any CPU
		{AB61183B-8407-43ED-B54F-85768DF290BF}.Debug|Any CPU.Build.0 = Debug|Any CPU
		{AB61183B-8407-43ED-B54F-85768DF290BF}.Release|Any CPU.ActiveCfg = Release|Any CPU
		{AB61183B-8407-43ED-B54F-85768DF290BF}.Release|Any CPU.Build.0 = Release|Any CPU
		{CFB239C4-36D6-4623-959F-B40D7DFCF7CC}.Debug|Any CPU.ActiveCfg = Debug|Any CPU
		{CFB239C4-36D6-4623-959F-B40D7DFCF7CC}.Debug|Any CPU.Build.0 = Debug|Any CPU
		{CFB239C4-36D6-4623-959F-B40D7DFCF7CC}.Release|Any CPU.ActiveCfg = Release|Any CPU
		{CFB239C4-36D6-4623-959F-B40D7DFCF7CC}.Release|Any CPU.Build.0 = Release|Any CPU
		{8064FFC6-C66F-4E82-8858-8530431782E9}.Debug|Any CPU.ActiveCfg = Debug|Any CPU
		{8064FFC6-C66F-4E82-8858-8530431782E9}.Debug|Any CPU.Build.0 = Debug|Any CPU
		{8064FFC6-C66F-4E82-8858-8530431782E9}.Release|Any CPU.ActiveCfg = Release|Any CPU
		{8064FFC6-C66F-4E82-8858-8530431782E9}.Release|Any CPU.Build.0 = Release|Any CPU
		{70728907-F0B6-4CBE-8E58-4ABB67B77177}.Debug|Any CPU.ActiveCfg = Debug|Any CPU
		{70728907-F0B6-4CBE-8E58-4ABB67B77177}.Debug|Any CPU.Build.0 = Debug|Any CPU
		{70728907-F0B6-4CBE-8E58-4ABB67B77177}.Release|Any CPU.ActiveCfg = Release|Any CPU
		{70728907-F0B6-4CBE-8E58-4ABB67B77177}.Release|Any CPU.Build.0 = Release|Any CPU
		{A2B1D950-C71F-4BF8-96E1-E31EADAC83B9}.Debug|Any CPU.ActiveCfg = Debug|Any CPU
		{A2B1D950-C71F-4BF8-96E1-E31EADAC83B9}.Debug|Any CPU.Build.0 = Debug|Any CPU
		{A2B1D950-C71F-4BF8-96E1-E31EADAC83B9}.Release|Any CPU.ActiveCfg = Release|Any CPU
		{A2B1D950-C71F-4BF8-96E1-E31EADAC83B9}.Release|Any CPU.Build.0 = Release|Any CPU
		{F140BD9C-23CA-4890-806E-21002200966A}.Debug|Any CPU.ActiveCfg = Debug|Any CPU
		{F140BD9C-23CA-4890-806E-21002200966A}.Debug|Any CPU.Build.0 = Debug|Any CPU
		{F140BD9C-23CA-4890-806E-21002200966A}.Release|Any CPU.ActiveCfg = Release|Any CPU
		{F140BD9C-23CA-4890-806E-21002200966A}.Release|Any CPU.Build.0 = Release|Any CPU
		{89BE7595-8ECD-4CA6-A87D-852221C68CDD}.Debug|Any CPU.ActiveCfg = Debug|Any CPU
		{89BE7595-8ECD-4CA6-A87D-852221C68CDD}.Debug|Any CPU.Build.0 = Debug|Any CPU
		{89BE7595-8ECD-4CA6-A87D-852221C68CDD}.Release|Any CPU.ActiveCfg = Release|Any CPU
		{89BE7595-8ECD-4CA6-A87D-852221C68CDD}.Release|Any CPU.Build.0 = Release|Any CPU
		{8BE28758-35C4-451C-86B1-14FD4A0ED0CA}.Debug|Any CPU.ActiveCfg = Debug|Any CPU
		{8BE28758-35C4-451C-86B1-14FD4A0ED0CA}.Debug|Any CPU.Build.0 = Debug|Any CPU
		{8BE28758-35C4-451C-86B1-14FD4A0ED0CA}.Release|Any CPU.ActiveCfg = Release|Any CPU
		{8BE28758-35C4-451C-86B1-14FD4A0ED0CA}.Release|Any CPU.Build.0 = Release|Any CPU
		{C87F768F-00CF-4B64-90B5-07B243C918E9}.Debug|Any CPU.ActiveCfg = Debug|Any CPU
		{C87F768F-00CF-4B64-90B5-07B243C918E9}.Debug|Any CPU.Build.0 = Debug|Any CPU
		{C87F768F-00CF-4B64-90B5-07B243C918E9}.Release|Any CPU.ActiveCfg = Release|Any CPU
		{C87F768F-00CF-4B64-90B5-07B243C918E9}.Release|Any CPU.Build.0 = Release|Any CPU
		{C54DCAF8-A7D8-46F6-9485-34A81C2D9EE9}.Debug|Any CPU.ActiveCfg = Debug|Any CPU
		{C54DCAF8-A7D8-46F6-9485-34A81C2D9EE9}.Debug|Any CPU.Build.0 = Debug|Any CPU
		{C54DCAF8-A7D8-46F6-9485-34A81C2D9EE9}.Release|Any CPU.ActiveCfg = Release|Any CPU
		{C54DCAF8-A7D8-46F6-9485-34A81C2D9EE9}.Release|Any CPU.Build.0 = Release|Any CPU
		{3AEF2FD2-C88B-4256-A6C5-CBFA4E8464C9}.Debug|Any CPU.ActiveCfg = Debug|Any CPU
		{3AEF2FD2-C88B-4256-A6C5-CBFA4E8464C9}.Debug|Any CPU.Build.0 = Debug|Any CPU
		{3AEF2FD2-C88B-4256-A6C5-CBFA4E8464C9}.Release|Any CPU.ActiveCfg = Release|Any CPU
		{3AEF2FD2-C88B-4256-A6C5-CBFA4E8464C9}.Release|Any CPU.Build.0 = Release|Any CPU
		{23C12449-B7C1-4CC3-9B58-711C88FEC838}.Debug|Any CPU.ActiveCfg = Debug|Any CPU
		{23C12449-B7C1-4CC3-9B58-711C88FEC838}.Debug|Any CPU.Build.0 = Debug|Any CPU
		{23C12449-B7C1-4CC3-9B58-711C88FEC838}.Release|Any CPU.ActiveCfg = Release|Any CPU
		{23C12449-B7C1-4CC3-9B58-711C88FEC838}.Release|Any CPU.Build.0 = Release|Any CPU
		{F020DCF6-D464-4DA2-A76D-1C5DCA5E5BC0}.Debug|Any CPU.ActiveCfg = Debug|Any CPU
		{F020DCF6-D464-4DA2-A76D-1C5DCA5E5BC0}.Debug|Any CPU.Build.0 = Debug|Any CPU
		{F020DCF6-D464-4DA2-A76D-1C5DCA5E5BC0}.Release|Any CPU.ActiveCfg = Release|Any CPU
		{F020DCF6-D464-4DA2-A76D-1C5DCA5E5BC0}.Release|Any CPU.Build.0 = Release|Any CPU
		{D332874C-511F-43C1-8275-F08307C1A4A3}.Debug|Any CPU.ActiveCfg = Debug|Any CPU
		{D332874C-511F-43C1-8275-F08307C1A4A3}.Debug|Any CPU.Build.0 = Debug|Any CPU
		{D332874C-511F-43C1-8275-F08307C1A4A3}.Release|Any CPU.ActiveCfg = Release|Any CPU
		{D332874C-511F-43C1-8275-F08307C1A4A3}.Release|Any CPU.Build.0 = Release|Any CPU
		{081C204E-6C59-4555-B828-D31576CC0AB6}.Debug|Any CPU.ActiveCfg = Debug|Any CPU
		{081C204E-6C59-4555-B828-D31576CC0AB6}.Debug|Any CPU.Build.0 = Debug|Any CPU
		{081C204E-6C59-4555-B828-D31576CC0AB6}.Release|Any CPU.ActiveCfg = Release|Any CPU
		{081C204E-6C59-4555-B828-D31576CC0AB6}.Release|Any CPU.Build.0 = Release|Any CPU
		{49FCBA58-EADF-4B1B-B5CD-6BC869CD6703}.Debug|Any CPU.ActiveCfg = Debug|Any CPU
		{49FCBA58-EADF-4B1B-B5CD-6BC869CD6703}.Debug|Any CPU.Build.0 = Debug|Any CPU
		{49FCBA58-EADF-4B1B-B5CD-6BC869CD6703}.Release|Any CPU.ActiveCfg = Release|Any CPU
		{49FCBA58-EADF-4B1B-B5CD-6BC869CD6703}.Release|Any CPU.Build.0 = Release|Any CPU
	EndGlobalSection
	GlobalSection(SolutionProperties) = preSolution
		HideSolutionNode = FALSE
	EndGlobalSection
	GlobalSection(NestedProjects) = preSolution
		{CF865310-7757-428E-8BE6-F926322C74E1} = {A37068D5-AC03-4642-B81F-125DEEE221C3}
		{02EE7394-B1FA-4026-B315-A7F51EE273BF} = {A37068D5-AC03-4642-B81F-125DEEE221C3}
		{819A1748-D4AA-4169-AE7E-DC86210E3762} = {A37068D5-AC03-4642-B81F-125DEEE221C3}
		{2C6A99C7-E889-448D-A2B2-9EAC11DB3545} = {BF11821F-BF38-4C3E-9069-A1D7ED7E2B2F}
		{FC61E650-2CBD-4268-9882-2FB576003FD2} = {BF11821F-BF38-4C3E-9069-A1D7ED7E2B2F}
		{BE884D28-B931-4D23-86A0-58B3FAA47C98} = {BF11821F-BF38-4C3E-9069-A1D7ED7E2B2F}
		{114DC2BA-EED7-4C1A-B092-A9A934AECA03} = {BF11821F-BF38-4C3E-9069-A1D7ED7E2B2F}
		{53686C5B-F3C7-4025-B1F7-A5B96F7CDC2C} = {BF11821F-BF38-4C3E-9069-A1D7ED7E2B2F}
		{D660C5B6-3CA1-49D3-A112-E6DB29F19575} = {CBD8003C-0FD5-45DA-BE45-0A958F2FCE3F}
		{D23253AF-9109-44D9-9E0E-7112397E9D4F} = {CBD8003C-0FD5-45DA-BE45-0A958F2FCE3F}
		{1044B04F-3DAD-4F5B-AFB6-9F58D1B5DBB6} = {A37068D5-AC03-4642-B81F-125DEEE221C3}
		{0FF68457-4123-42A9-ADE8-3B251CB4BCFB} = {A37068D5-AC03-4642-B81F-125DEEE221C3}
		{2982393E-82D8-4222-A9C7-4AB0EA554FD4} = {CBD8003C-0FD5-45DA-BE45-0A958F2FCE3F}
		{F24A8C7A-60F2-4807-A1C9-49B7F423113D} = {CBD8003C-0FD5-45DA-BE45-0A958F2FCE3F}
		{4B6E5E5C-6452-47DA-807D-8EE097C32059} = {CBD8003C-0FD5-45DA-BE45-0A958F2FCE3F}
		{AB61183B-8407-43ED-B54F-85768DF290BF} = {A37068D5-AC03-4642-B81F-125DEEE221C3}
		{CFB239C4-36D6-4623-959F-B40D7DFCF7CC} = {A37068D5-AC03-4642-B81F-125DEEE221C3}
		{8064FFC6-C66F-4E82-8858-8530431782E9} = {CBD8003C-0FD5-45DA-BE45-0A958F2FCE3F}
		{70728907-F0B6-4CBE-8E58-4ABB67B77177} = {BA47DC8E-4D39-4DE9-AF8D-BA0B60D2895D}
		{A2B1D950-C71F-4BF8-96E1-E31EADAC83B9} = {103EBED9-818C-4A01-8C22-A1DF403B81AC}
		{F140BD9C-23CA-4890-806E-21002200966A} = {103EBED9-818C-4A01-8C22-A1DF403B81AC}
		{89BE7595-8ECD-4CA6-A87D-852221C68CDD} = {103EBED9-818C-4A01-8C22-A1DF403B81AC}
		{8BE28758-35C4-451C-86B1-14FD4A0ED0CA} = {103EBED9-818C-4A01-8C22-A1DF403B81AC}
		{C87F768F-00CF-4B64-90B5-07B243C918E9} = {103EBED9-818C-4A01-8C22-A1DF403B81AC}
		{C54DCAF8-A7D8-46F6-9485-34A81C2D9EE9} = {103EBED9-818C-4A01-8C22-A1DF403B81AC}
		{3AEF2FD2-C88B-4256-A6C5-CBFA4E8464C9} = {4B3C059D-A344-465E-BAC5-D9CE8AB2D2EF}
		{23C12449-B7C1-4CC3-9B58-711C88FEC838} = {4B3C059D-A344-465E-BAC5-D9CE8AB2D2EF}
		{F020DCF6-D464-4DA2-A76D-1C5DCA5E5BC0} = {4B3C059D-A344-465E-BAC5-D9CE8AB2D2EF}
		{D332874C-511F-43C1-8275-F08307C1A4A3} = {4B3C059D-A344-465E-BAC5-D9CE8AB2D2EF}
		{081C204E-6C59-4555-B828-D31576CC0AB6} = {4B3C059D-A344-465E-BAC5-D9CE8AB2D2EF}
		{49FCBA58-EADF-4B1B-B5CD-6BC869CD6703} = {4B3C059D-A344-465E-BAC5-D9CE8AB2D2EF}
	EndGlobalSection
	GlobalSection(ExtensibilityGlobals) = postSolution
		SolutionGuid = {96ED8719-2714-44EB-9674-8C1811203536}
	EndGlobalSection
EndGlobal
